
Microsoft Visual Studio Solution File, Format Version 12.00
# Visual Studio 15
VisualStudioVersion = 15.0.27130.2027
MinimumVisualStudioVersion = 10.0.40219.1
Project("{9A19103F-16F7-4668-BE54-9A1E7A4F7556}") = "OHC.Server", "OHC.Server\OHC.Server.csproj", "{5DEE8A81-C0B0-4FAC-9C74-0420B29458F6}"
EndProject
Project("{2150E333-8FDC-42A3-9474-1A3956D46DE8}") = "Drivers", "Drivers", "{7CD1C29E-2A22-42E8-B6CB-B178765E1EF6}"
EndProject
Project("{9A19103F-16F7-4668-BE54-9A1E7A4F7556}") = "OHC.Drivers.Led", "OHC.Drivers\OHC.Drivers.Led\OHC.Drivers.Led.csproj", "{1E4E5385-4DF3-480E-B1A1-467B782F9F8E}"
EndProject
Project("{9A19103F-16F7-4668-BE54-9A1E7A4F7556}") = "OHC.Core", "OHC.Core\OHC.Core.csproj", "{94F85457-1668-43D6-B5A0-870C4ED6E37D}"
EndProject
Project("{2150E333-8FDC-42A3-9474-1A3956D46DE8}") = "Tests", "Tests", "{867F85F9-B15C-49AE-9F85-901AC99816D5}"
EndProject
Project("{9A19103F-16F7-4668-BE54-9A1E7A4F7556}") = "OHC.Core.Tests", "OHC.Core.Tests\OHC.Core.Tests.csproj", "{24A57D85-5E62-46DF-B714-F9341E2F3228}"
EndProject
Project("{2150E333-8FDC-42A3-9474-1A3956D46DE8}") = "OHC.Arduino", "OHC.Arduino", "{A4A60AFD-2616-49C0-B6A9-37E72953F6C6}"
	ProjectSection(SolutionItems) = preProject
		OHC.Arduino\GatewayW5100MQTTClient\GatewayW5100MQTTClient.ino = OHC.Arduino\GatewayW5100MQTTClient\GatewayW5100MQTTClient.ino
	EndProjectSection
EndProject
Project("{2150E333-8FDC-42A3-9474-1A3956D46DE8}") = "Storage", "Storage", "{4AE45B31-E8AD-4A63-B7B3-22A1F2420656}"
EndProject
Project("{9A19103F-16F7-4668-BE54-9A1E7A4F7556}") = "OHC.Storage.SensorData.AzureTableStorage", "OHC.Storage\OHC.Storage.SensorData.AzureTableStorage\OHC.Storage.SensorData.AzureTableStorage.csproj", "{0CA2F282-EFFC-4CED-93F4-6B2B5233C238}"
EndProject
Project("{9A19103F-16F7-4668-BE54-9A1E7A4F7556}") = "OHC.Storage.Interfaces", "OHC.Storage\OHC.Storage.Interfaces\OHC.Storage.Interfaces.csproj", "{30A0008C-1809-49C9-9BF6-C44B1CB503AC}"
EndProject
Project("{9A19103F-16F7-4668-BE54-9A1E7A4F7556}") = "OHC.Storage.Models", "OHC.Storage\OHC.Storage.Models\OHC.Storage.Models.csproj", "{64EE2E9D-2095-495C-AD50-0672493C8BC2}"
EndProject
Project("{9A19103F-16F7-4668-BE54-9A1E7A4F7556}") = "OHC.Drivers.PhilipsHue", "OHC.Drivers\OHC.Drivers.PhilipsHue\OHC.Drivers.PhilipsHue.csproj", "{29F76EF2-0B0D-489C-983B-29B668E109A7}"
EndProject
Project("{9A19103F-16F7-4668-BE54-9A1E7A4F7556}") = "OHC.Drivers.NefitEasy", "OHC.Drivers\OHC.Drivers.NefitEasy\OHC.Drivers.NefitEasy.csproj", "{1C602AA0-2683-4C6A-BAF0-EDAD6B336B27}"
EndProject
Project("{9A19103F-16F7-4668-BE54-9A1E7A4F7556}") = "WhenDoJobs.Core", "..\WhenDoJobs\WhenDoJobs.Core\WhenDoJobs.Core.csproj", "{21E215F3-3309-4729-BC89-55D3A52D4E6C}"
EndProject
Project("{FAE04EC0-301F-11D3-BF4B-00C04F79EFBC}") = "OHC.WhenDoJobs.CommandHandlers", "OHC.WhenDoJobs.CommandHandlers\OHC.WhenDoJobs.CommandHandlers.csproj", "{E8F08E50-10C5-43E9-A97A-046682B94DBF}"
EndProject
Global
	GlobalSection(SolutionConfigurationPlatforms) = preSolution
		Debug|Any CPU = Debug|Any CPU
		Debug|ARM = Debug|ARM
		Debug|x64 = Debug|x64
		Debug|x86 = Debug|x86
		Release|Any CPU = Release|Any CPU
		Release|ARM = Release|ARM
		Release|x64 = Release|x64
		Release|x86 = Release|x86
	EndGlobalSection
	GlobalSection(ProjectConfigurationPlatforms) = postSolution
		{5DEE8A81-C0B0-4FAC-9C74-0420B29458F6}.Debug|Any CPU.ActiveCfg = Debug|Any CPU
		{5DEE8A81-C0B0-4FAC-9C74-0420B29458F6}.Debug|Any CPU.Build.0 = Debug|Any CPU
		{5DEE8A81-C0B0-4FAC-9C74-0420B29458F6}.Debug|ARM.ActiveCfg = Debug|Any CPU
		{5DEE8A81-C0B0-4FAC-9C74-0420B29458F6}.Debug|ARM.Build.0 = Debug|Any CPU
		{5DEE8A81-C0B0-4FAC-9C74-0420B29458F6}.Debug|x64.ActiveCfg = Debug|Any CPU
		{5DEE8A81-C0B0-4FAC-9C74-0420B29458F6}.Debug|x64.Build.0 = Debug|Any CPU
		{5DEE8A81-C0B0-4FAC-9C74-0420B29458F6}.Debug|x86.ActiveCfg = Debug|Any CPU
		{5DEE8A81-C0B0-4FAC-9C74-0420B29458F6}.Debug|x86.Build.0 = Debug|Any CPU
		{5DEE8A81-C0B0-4FAC-9C74-0420B29458F6}.Release|Any CPU.ActiveCfg = Release|Any CPU
		{5DEE8A81-C0B0-4FAC-9C74-0420B29458F6}.Release|Any CPU.Build.0 = Release|Any CPU
		{5DEE8A81-C0B0-4FAC-9C74-0420B29458F6}.Release|ARM.ActiveCfg = Release|Any CPU
		{5DEE8A81-C0B0-4FAC-9C74-0420B29458F6}.Release|ARM.Build.0 = Release|Any CPU
		{5DEE8A81-C0B0-4FAC-9C74-0420B29458F6}.Release|x64.ActiveCfg = Release|Any CPU
		{5DEE8A81-C0B0-4FAC-9C74-0420B29458F6}.Release|x64.Build.0 = Release|Any CPU
		{5DEE8A81-C0B0-4FAC-9C74-0420B29458F6}.Release|x86.ActiveCfg = Release|Any CPU
		{5DEE8A81-C0B0-4FAC-9C74-0420B29458F6}.Release|x86.Build.0 = Release|Any CPU
		{1E4E5385-4DF3-480E-B1A1-467B782F9F8E}.Debug|Any CPU.ActiveCfg = Debug|Any CPU
		{1E4E5385-4DF3-480E-B1A1-467B782F9F8E}.Debug|Any CPU.Build.0 = Debug|Any CPU
		{1E4E5385-4DF3-480E-B1A1-467B782F9F8E}.Debug|ARM.ActiveCfg = Debug|Any CPU
		{1E4E5385-4DF3-480E-B1A1-467B782F9F8E}.Debug|ARM.Build.0 = Debug|Any CPU
		{1E4E5385-4DF3-480E-B1A1-467B782F9F8E}.Debug|x64.ActiveCfg = Debug|Any CPU
		{1E4E5385-4DF3-480E-B1A1-467B782F9F8E}.Debug|x64.Build.0 = Debug|Any CPU
		{1E4E5385-4DF3-480E-B1A1-467B782F9F8E}.Debug|x86.ActiveCfg = Debug|Any CPU
		{1E4E5385-4DF3-480E-B1A1-467B782F9F8E}.Debug|x86.Build.0 = Debug|Any CPU
		{1E4E5385-4DF3-480E-B1A1-467B782F9F8E}.Release|Any CPU.ActiveCfg = Release|Any CPU
		{1E4E5385-4DF3-480E-B1A1-467B782F9F8E}.Release|Any CPU.Build.0 = Release|Any CPU
		{1E4E5385-4DF3-480E-B1A1-467B782F9F8E}.Release|ARM.ActiveCfg = Release|Any CPU
		{1E4E5385-4DF3-480E-B1A1-467B782F9F8E}.Release|ARM.Build.0 = Release|Any CPU
		{1E4E5385-4DF3-480E-B1A1-467B782F9F8E}.Release|x64.ActiveCfg = Release|Any CPU
		{1E4E5385-4DF3-480E-B1A1-467B782F9F8E}.Release|x64.Build.0 = Release|Any CPU
		{1E4E5385-4DF3-480E-B1A1-467B782F9F8E}.Release|x86.ActiveCfg = Release|Any CPU
		{1E4E5385-4DF3-480E-B1A1-467B782F9F8E}.Release|x86.Build.0 = Release|Any CPU
		{94F85457-1668-43D6-B5A0-870C4ED6E37D}.Debug|Any CPU.ActiveCfg = Debug|Any CPU
		{94F85457-1668-43D6-B5A0-870C4ED6E37D}.Debug|Any CPU.Build.0 = Debug|Any CPU
		{94F85457-1668-43D6-B5A0-870C4ED6E37D}.Debug|ARM.ActiveCfg = Debug|Any CPU
		{94F85457-1668-43D6-B5A0-870C4ED6E37D}.Debug|ARM.Build.0 = Debug|Any CPU
		{94F85457-1668-43D6-B5A0-870C4ED6E37D}.Debug|x64.ActiveCfg = Debug|Any CPU
		{94F85457-1668-43D6-B5A0-870C4ED6E37D}.Debug|x64.Build.0 = Debug|Any CPU
		{94F85457-1668-43D6-B5A0-870C4ED6E37D}.Debug|x86.ActiveCfg = Debug|Any CPU
		{94F85457-1668-43D6-B5A0-870C4ED6E37D}.Debug|x86.Build.0 = Debug|Any CPU
		{94F85457-1668-43D6-B5A0-870C4ED6E37D}.Release|Any CPU.ActiveCfg = Release|Any CPU
		{94F85457-1668-43D6-B5A0-870C4ED6E37D}.Release|Any CPU.Build.0 = Release|Any CPU
		{94F85457-1668-43D6-B5A0-870C4ED6E37D}.Release|ARM.ActiveCfg = Release|Any CPU
		{94F85457-1668-43D6-B5A0-870C4ED6E37D}.Release|ARM.Build.0 = Release|Any CPU
		{94F85457-1668-43D6-B5A0-870C4ED6E37D}.Release|x64.ActiveCfg = Release|Any CPU
		{94F85457-1668-43D6-B5A0-870C4ED6E37D}.Release|x64.Build.0 = Release|Any CPU
		{94F85457-1668-43D6-B5A0-870C4ED6E37D}.Release|x86.ActiveCfg = Release|Any CPU
		{94F85457-1668-43D6-B5A0-870C4ED6E37D}.Release|x86.Build.0 = Release|Any CPU
		{24A57D85-5E62-46DF-B714-F9341E2F3228}.Debug|Any CPU.ActiveCfg = Debug|Any CPU
		{24A57D85-5E62-46DF-B714-F9341E2F3228}.Debug|Any CPU.Build.0 = Debug|Any CPU
		{24A57D85-5E62-46DF-B714-F9341E2F3228}.Debug|ARM.ActiveCfg = Debug|Any CPU
		{24A57D85-5E62-46DF-B714-F9341E2F3228}.Debug|ARM.Build.0 = Debug|Any CPU
		{24A57D85-5E62-46DF-B714-F9341E2F3228}.Debug|x64.ActiveCfg = Debug|Any CPU
		{24A57D85-5E62-46DF-B714-F9341E2F3228}.Debug|x64.Build.0 = Debug|Any CPU
		{24A57D85-5E62-46DF-B714-F9341E2F3228}.Debug|x86.ActiveCfg = Debug|Any CPU
		{24A57D85-5E62-46DF-B714-F9341E2F3228}.Debug|x86.Build.0 = Debug|Any CPU
		{24A57D85-5E62-46DF-B714-F9341E2F3228}.Release|Any CPU.ActiveCfg = Release|Any CPU
		{24A57D85-5E62-46DF-B714-F9341E2F3228}.Release|Any CPU.Build.0 = Release|Any CPU
		{24A57D85-5E62-46DF-B714-F9341E2F3228}.Release|ARM.ActiveCfg = Release|Any CPU
		{24A57D85-5E62-46DF-B714-F9341E2F3228}.Release|ARM.Build.0 = Release|Any CPU
		{24A57D85-5E62-46DF-B714-F9341E2F3228}.Release|x64.ActiveCfg = Release|Any CPU
		{24A57D85-5E62-46DF-B714-F9341E2F3228}.Release|x64.Build.0 = Release|Any CPU
		{24A57D85-5E62-46DF-B714-F9341E2F3228}.Release|x86.ActiveCfg = Release|Any CPU
		{24A57D85-5E62-46DF-B714-F9341E2F3228}.Release|x86.Build.0 = Release|Any CPU
		{0CA2F282-EFFC-4CED-93F4-6B2B5233C238}.Debug|Any CPU.ActiveCfg = Debug|Any CPU
		{0CA2F282-EFFC-4CED-93F4-6B2B5233C238}.Debug|Any CPU.Build.0 = Debug|Any CPU
		{0CA2F282-EFFC-4CED-93F4-6B2B5233C238}.Debug|ARM.ActiveCfg = Debug|Any CPU
		{0CA2F282-EFFC-4CED-93F4-6B2B5233C238}.Debug|ARM.Build.0 = Debug|Any CPU
		{0CA2F282-EFFC-4CED-93F4-6B2B5233C238}.Debug|x64.ActiveCfg = Debug|Any CPU
		{0CA2F282-EFFC-4CED-93F4-6B2B5233C238}.Debug|x64.Build.0 = Debug|Any CPU
		{0CA2F282-EFFC-4CED-93F4-6B2B5233C238}.Debug|x86.ActiveCfg = Debug|Any CPU
		{0CA2F282-EFFC-4CED-93F4-6B2B5233C238}.Debug|x86.Build.0 = Debug|Any CPU
		{0CA2F282-EFFC-4CED-93F4-6B2B5233C238}.Release|Any CPU.ActiveCfg = Release|Any CPU
		{0CA2F282-EFFC-4CED-93F4-6B2B5233C238}.Release|Any CPU.Build.0 = Release|Any CPU
		{0CA2F282-EFFC-4CED-93F4-6B2B5233C238}.Release|ARM.ActiveCfg = Release|Any CPU
		{0CA2F282-EFFC-4CED-93F4-6B2B5233C238}.Release|ARM.Build.0 = Release|Any CPU
		{0CA2F282-EFFC-4CED-93F4-6B2B5233C238}.Release|x64.ActiveCfg = Release|Any CPU
		{0CA2F282-EFFC-4CED-93F4-6B2B5233C238}.Release|x64.Build.0 = Release|Any CPU
		{0CA2F282-EFFC-4CED-93F4-6B2B5233C238}.Release|x86.ActiveCfg = Release|Any CPU
		{0CA2F282-EFFC-4CED-93F4-6B2B5233C238}.Release|x86.Build.0 = Release|Any CPU
		{30A0008C-1809-49C9-9BF6-C44B1CB503AC}.Debug|Any CPU.ActiveCfg = Debug|Any CPU
		{30A0008C-1809-49C9-9BF6-C44B1CB503AC}.Debug|Any CPU.Build.0 = Debug|Any CPU
		{30A0008C-1809-49C9-9BF6-C44B1CB503AC}.Debug|ARM.ActiveCfg = Debug|Any CPU
		{30A0008C-1809-49C9-9BF6-C44B1CB503AC}.Debug|ARM.Build.0 = Debug|Any CPU
		{30A0008C-1809-49C9-9BF6-C44B1CB503AC}.Debug|x64.ActiveCfg = Debug|Any CPU
		{30A0008C-1809-49C9-9BF6-C44B1CB503AC}.Debug|x64.Build.0 = Debug|Any CPU
		{30A0008C-1809-49C9-9BF6-C44B1CB503AC}.Debug|x86.ActiveCfg = Debug|Any CPU
		{30A0008C-1809-49C9-9BF6-C44B1CB503AC}.Debug|x86.Build.0 = Debug|Any CPU
		{30A0008C-1809-49C9-9BF6-C44B1CB503AC}.Release|Any CPU.ActiveCfg = Release|Any CPU
		{30A0008C-1809-49C9-9BF6-C44B1CB503AC}.Release|Any CPU.Build.0 = Release|Any CPU
		{30A0008C-1809-49C9-9BF6-C44B1CB503AC}.Release|ARM.ActiveCfg = Release|Any CPU
		{30A0008C-1809-49C9-9BF6-C44B1CB503AC}.Release|ARM.Build.0 = Release|Any CPU
		{30A0008C-1809-49C9-9BF6-C44B1CB503AC}.Release|x64.ActiveCfg = Release|Any CPU
		{30A0008C-1809-49C9-9BF6-C44B1CB503AC}.Release|x64.Build.0 = Release|Any CPU
		{30A0008C-1809-49C9-9BF6-C44B1CB503AC}.Release|x86.ActiveCfg = Release|Any CPU
		{30A0008C-1809-49C9-9BF6-C44B1CB503AC}.Release|x86.Build.0 = Release|Any CPU
		{64EE2E9D-2095-495C-AD50-0672493C8BC2}.Debug|Any CPU.ActiveCfg = Debug|Any CPU
		{64EE2E9D-2095-495C-AD50-0672493C8BC2}.Debug|Any CPU.Build.0 = Debug|Any CPU
		{64EE2E9D-2095-495C-AD50-0672493C8BC2}.Debug|ARM.ActiveCfg = Debug|Any CPU
		{64EE2E9D-2095-495C-AD50-0672493C8BC2}.Debug|ARM.Build.0 = Debug|Any CPU
		{64EE2E9D-2095-495C-AD50-0672493C8BC2}.Debug|x64.ActiveCfg = Debug|Any CPU
		{64EE2E9D-2095-495C-AD50-0672493C8BC2}.Debug|x64.Build.0 = Debug|Any CPU
		{64EE2E9D-2095-495C-AD50-0672493C8BC2}.Debug|x86.ActiveCfg = Debug|Any CPU
		{64EE2E9D-2095-495C-AD50-0672493C8BC2}.Debug|x86.Build.0 = Debug|Any CPU
		{64EE2E9D-2095-495C-AD50-0672493C8BC2}.Release|Any CPU.ActiveCfg = Release|Any CPU
		{64EE2E9D-2095-495C-AD50-0672493C8BC2}.Release|Any CPU.Build.0 = Release|Any CPU
		{64EE2E9D-2095-495C-AD50-0672493C8BC2}.Release|ARM.ActiveCfg = Release|Any CPU
		{64EE2E9D-2095-495C-AD50-0672493C8BC2}.Release|ARM.Build.0 = Release|Any CPU
		{64EE2E9D-2095-495C-AD50-0672493C8BC2}.Release|x64.ActiveCfg = Release|Any CPU
		{64EE2E9D-2095-495C-AD50-0672493C8BC2}.Release|x64.Build.0 = Release|Any CPU
		{64EE2E9D-2095-495C-AD50-0672493C8BC2}.Release|x86.ActiveCfg = Release|Any CPU
		{64EE2E9D-2095-495C-AD50-0672493C8BC2}.Release|x86.Build.0 = Release|Any CPU
		{29F76EF2-0B0D-489C-983B-29B668E109A7}.Debug|Any CPU.ActiveCfg = Debug|Any CPU
		{29F76EF2-0B0D-489C-983B-29B668E109A7}.Debug|Any CPU.Build.0 = Debug|Any CPU
		{29F76EF2-0B0D-489C-983B-29B668E109A7}.Debug|ARM.ActiveCfg = Debug|Any CPU
		{29F76EF2-0B0D-489C-983B-29B668E109A7}.Debug|ARM.Build.0 = Debug|Any CPU
		{29F76EF2-0B0D-489C-983B-29B668E109A7}.Debug|x64.ActiveCfg = Debug|Any CPU
		{29F76EF2-0B0D-489C-983B-29B668E109A7}.Debug|x64.Build.0 = Debug|Any CPU
		{29F76EF2-0B0D-489C-983B-29B668E109A7}.Debug|x86.ActiveCfg = Debug|Any CPU
		{29F76EF2-0B0D-489C-983B-29B668E109A7}.Debug|x86.Build.0 = Debug|Any CPU
		{29F76EF2-0B0D-489C-983B-29B668E109A7}.Release|Any CPU.ActiveCfg = Release|Any CPU
		{29F76EF2-0B0D-489C-983B-29B668E109A7}.Release|Any CPU.Build.0 = Release|Any CPU
		{29F76EF2-0B0D-489C-983B-29B668E109A7}.Release|ARM.ActiveCfg = Release|Any CPU
		{29F76EF2-0B0D-489C-983B-29B668E109A7}.Release|ARM.Build.0 = Release|Any CPU
		{29F76EF2-0B0D-489C-983B-29B668E109A7}.Release|x64.ActiveCfg = Release|Any CPU
		{29F76EF2-0B0D-489C-983B-29B668E109A7}.Release|x64.Build.0 = Release|Any CPU
		{29F76EF2-0B0D-489C-983B-29B668E109A7}.Release|x86.ActiveCfg = Release|Any CPU
		{29F76EF2-0B0D-489C-983B-29B668E109A7}.Release|x86.Build.0 = Release|Any CPU
		{1C602AA0-2683-4C6A-BAF0-EDAD6B336B27}.Debug|Any CPU.ActiveCfg = Debug|Any CPU
		{1C602AA0-2683-4C6A-BAF0-EDAD6B336B27}.Debug|Any CPU.Build.0 = Debug|Any CPU
		{1C602AA0-2683-4C6A-BAF0-EDAD6B336B27}.Debug|ARM.ActiveCfg = Debug|Any CPU
		{1C602AA0-2683-4C6A-BAF0-EDAD6B336B27}.Debug|ARM.Build.0 = Debug|Any CPU
		{1C602AA0-2683-4C6A-BAF0-EDAD6B336B27}.Debug|x64.ActiveCfg = Debug|Any CPU
		{1C602AA0-2683-4C6A-BAF0-EDAD6B336B27}.Debug|x64.Build.0 = Debug|Any CPU
		{1C602AA0-2683-4C6A-BAF0-EDAD6B336B27}.Debug|x86.ActiveCfg = Debug|Any CPU
		{1C602AA0-2683-4C6A-BAF0-EDAD6B336B27}.Debug|x86.Build.0 = Debug|Any CPU
		{1C602AA0-2683-4C6A-BAF0-EDAD6B336B27}.Release|Any CPU.ActiveCfg = Release|Any CPU
		{1C602AA0-2683-4C6A-BAF0-EDAD6B336B27}.Release|Any CPU.Build.0 = Release|Any CPU
		{1C602AA0-2683-4C6A-BAF0-EDAD6B336B27}.Release|ARM.ActiveCfg = Release|Any CPU
		{1C602AA0-2683-4C6A-BAF0-EDAD6B336B27}.Release|ARM.Build.0 = Release|Any CPU
		{1C602AA0-2683-4C6A-BAF0-EDAD6B336B27}.Release|x64.ActiveCfg = Release|Any CPU
		{1C602AA0-2683-4C6A-BAF0-EDAD6B336B27}.Release|x64.Build.0 = Release|Any CPU
		{1C602AA0-2683-4C6A-BAF0-EDAD6B336B27}.Release|x86.ActiveCfg = Release|Any CPU
		{1C602AA0-2683-4C6A-BAF0-EDAD6B336B27}.Release|x86.Build.0 = Release|Any CPU
		{21E215F3-3309-4729-BC89-55D3A52D4E6C}.Debug|Any CPU.ActiveCfg = Debug|Any CPU
		{21E215F3-3309-4729-BC89-55D3A52D4E6C}.Debug|Any CPU.Build.0 = Debug|Any CPU
		{21E215F3-3309-4729-BC89-55D3A52D4E6C}.Debug|ARM.ActiveCfg = Debug|Any CPU
		{21E215F3-3309-4729-BC89-55D3A52D4E6C}.Debug|ARM.Build.0 = Debug|Any CPU
		{21E215F3-3309-4729-BC89-55D3A52D4E6C}.Debug|x64.ActiveCfg = Debug|Any CPU
		{21E215F3-3309-4729-BC89-55D3A52D4E6C}.Debug|x64.Build.0 = Debug|Any CPU
		{21E215F3-3309-4729-BC89-55D3A52D4E6C}.Debug|x86.ActiveCfg = Debug|Any CPU
		{21E215F3-3309-4729-BC89-55D3A52D4E6C}.Debug|x86.Build.0 = Debug|Any CPU
		{21E215F3-3309-4729-BC89-55D3A52D4E6C}.Release|Any CPU.ActiveCfg = Release|Any CPU
		{21E215F3-3309-4729-BC89-55D3A52D4E6C}.Release|Any CPU.Build.0 = Release|Any CPU
		{21E215F3-3309-4729-BC89-55D3A52D4E6C}.Release|ARM.ActiveCfg = Release|Any CPU
		{21E215F3-3309-4729-BC89-55D3A52D4E6C}.Release|ARM.Build.0 = Release|Any CPU
		{21E215F3-3309-4729-BC89-55D3A52D4E6C}.Release|x64.ActiveCfg = Release|Any CPU
		{21E215F3-3309-4729-BC89-55D3A52D4E6C}.Release|x64.Build.0 = Release|Any CPU
		{21E215F3-3309-4729-BC89-55D3A52D4E6C}.Release|x86.ActiveCfg = Release|Any CPU
		{21E215F3-3309-4729-BC89-55D3A52D4E6C}.Release|x86.Build.0 = Release|Any CPU
		{E8F08E50-10C5-43E9-A97A-046682B94DBF}.Debug|Any CPU.ActiveCfg = Debug|Any CPU
		{E8F08E50-10C5-43E9-A97A-046682B94DBF}.Debug|Any CPU.Build.0 = Debug|Any CPU
		{E8F08E50-10C5-43E9-A97A-046682B94DBF}.Debug|ARM.ActiveCfg = Debug|Any CPU
		{E8F08E50-10C5-43E9-A97A-046682B94DBF}.Debug|ARM.Build.0 = Debug|Any CPU
		{E8F08E50-10C5-43E9-A97A-046682B94DBF}.Debug|x64.ActiveCfg = Debug|Any CPU
		{E8F08E50-10C5-43E9-A97A-046682B94DBF}.Debug|x64.Build.0 = Debug|Any CPU
		{E8F08E50-10C5-43E9-A97A-046682B94DBF}.Debug|x86.ActiveCfg = Debug|Any CPU
		{E8F08E50-10C5-43E9-A97A-046682B94DBF}.Debug|x86.Build.0 = Debug|Any CPU
		{E8F08E50-10C5-43E9-A97A-046682B94DBF}.Release|Any CPU.ActiveCfg = Release|Any CPU
		{E8F08E50-10C5-43E9-A97A-046682B94DBF}.Release|Any CPU.Build.0 = Release|Any CPU
		{E8F08E50-10C5-43E9-A97A-046682B94DBF}.Release|ARM.ActiveCfg = Release|Any CPU
		{E8F08E50-10C5-43E9-A97A-046682B94DBF}.Release|ARM.Build.0 = Release|Any CPU
		{E8F08E50-10C5-43E9-A97A-046682B94DBF}.Release|x64.ActiveCfg = Release|Any CPU
		{E8F08E50-10C5-43E9-A97A-046682B94DBF}.Release|x64.Build.0 = Release|Any CPU
		{E8F08E50-10C5-43E9-A97A-046682B94DBF}.Release|x86.ActiveCfg = Release|Any CPU
		{E8F08E50-10C5-43E9-A97A-046682B94DBF}.Release|x86.Build.0 = Release|Any CPU
	EndGlobalSection
	GlobalSection(SolutionProperties) = preSolution
		HideSolutionNode = FALSE
	EndGlobalSection
	GlobalSection(NestedProjects) = preSolution
		{1E4E5385-4DF3-480E-B1A1-467B782F9F8E} = {7CD1C29E-2A22-42E8-B6CB-B178765E1EF6}
		{24A57D85-5E62-46DF-B714-F9341E2F3228} = {867F85F9-B15C-49AE-9F85-901AC99816D5}
		{0CA2F282-EFFC-4CED-93F4-6B2B5233C238} = {4AE45B31-E8AD-4A63-B7B3-22A1F2420656}
		{30A0008C-1809-49C9-9BF6-C44B1CB503AC} = {4AE45B31-E8AD-4A63-B7B3-22A1F2420656}
		{64EE2E9D-2095-495C-AD50-0672493C8BC2} = {4AE45B31-E8AD-4A63-B7B3-22A1F2420656}
		{29F76EF2-0B0D-489C-983B-29B668E109A7} = {7CD1C29E-2A22-42E8-B6CB-B178765E1EF6}
		{1C602AA0-2683-4C6A-BAF0-EDAD6B336B27} = {7CD1C29E-2A22-42E8-B6CB-B178765E1EF6}
	EndGlobalSection
	GlobalSection(ExtensibilityGlobals) = postSolution
		SolutionGuid = {70FFC042-4550-4B23-9867-EAE96B17672B}
	EndGlobalSection
EndGlobal
